
Microsoft Visual Studio Solution File, Format Version 12.00
# Visual Studio 15
VisualStudioVersion = 15.0.28307.1062
MinimumVisualStudioVersion = 10.0.40219.1
Project("{FAE04EC0-301F-11D3-BF4B-00C04F79EFBC}") = "DesktopApp", "DesktopApp\DesktopApp.csproj", "{9ECF6F03-65F5-4191-963F-FB8F79B2FAE1}"
EndProject
Project("{9A19103F-16F7-4668-BE54-9A1E7A4F7556}") = "DesktopApp.Core", "DesktopApp.Core\DesktopApp.Core.csproj", "{D89085D5-F0B9-45E6-85AD-3FF33F8F6C45}"
EndProject
Project("{C7167F0D-BC9F-4E6E-AFE1-012C56B48DB5}") = "Packager", "Packager\Packager.wapproj", "{0CB51315-318F-4107-8E81-97055C970D7A}"
EndProject
Project("{FAE04EC0-301F-11D3-BF4B-00C04F79EFBC}") = "SignalingApp", "SignalingApp\SignalingApp.csproj", "{35095552-B820-481C-8B2A-DCA6B53172AB}"
EndProject
Project("{2150E333-8FDC-42A3-9474-1A3956D46DE8}") = "Api", "Api", "{B8718DA6-2F14-46EB-A8EC-A271C3A484AC}"
EndProject
Project("{2150E333-8FDC-42A3-9474-1A3956D46DE8}") = "Org.WebRtc", "Org.WebRtc", "{1E35EAF8-92DF-42C5-B5B3-6BFB62D54DD7}"
EndProject
Project("{2150E333-8FDC-42A3-9474-1A3956D46DE8}") = "MainApp", "MainApp", "{B3F3FD7A-F7D8-4FF7-AA5A-A053EB2E6C71}"
EndProject
Project("{2150E333-8FDC-42A3-9474-1A3956D46DE8}") = "PeerConnection", "PeerConnection", "{15121972-E2E3-4F10-B34B-DE97D27835E4}"
EndProject
Project("{FAE04EC0-301F-11D3-BF4B-00C04F79EFBC}") = "PeerConnectionClient.WebRtc.Core", "ClientCore\PeerConnectionClient.WebRtc.Core.csproj", "{217FAA3A-8FC1-4663-BA00-2F842B3FF4E1}"
EndProject
Project("{9A19103F-16F7-4668-BE54-9A1E7A4F7556}") = "Org.WebRtc.Callstats", "Org.WebRtc.Callstats\Org.WebRtc.Callstats.csproj", "{5BFC4CA6-70B3-445B-96AE-97C02D3C0F33}"
EndProject
Project("{8BC9CEB8-8B4A-11D0-8D11-00A0C91BC942}") = "Org.WebRtc", "..\..\..\..\..\webrtc-uwp-sdk\webrtc\windows\projects\msvc\Org.WebRtc.Universal\Org.WebRtc.vcxproj", "{3DD8FDCD-B703-4B75-826A-2C7E844F903E}"
EndProject
Project("{8BC9CEB8-8B4A-11D0-8D11-00A0C91BC942}") = "Org.WebRtc.WrapperGlue", "..\..\..\..\..\webrtc-uwp-sdk\webrtc\windows\projects\msvc\Org.WebRtc.WrapperGlue.Universal\Org.WebRtc.WrapperGlue.vcxproj", "{76CC41B9-4027-4330-A139-0CFA7AA34768}"
EndProject
Global
	GlobalSection(SolutionConfigurationPlatforms) = preSolution
		Debug|Any CPU = Debug|Any CPU
		Debug|ARM = Debug|ARM
		Debug|ARM64 = Debug|ARM64
		Debug|x64 = Debug|x64
		Debug|x86 = Debug|x86
		Release|Any CPU = Release|Any CPU
		Release|ARM = Release|ARM
		Release|ARM64 = Release|ARM64
		Release|x64 = Release|x64
		Release|x86 = Release|x86
	EndGlobalSection
	GlobalSection(ProjectConfigurationPlatforms) = postSolution
		{9ECF6F03-65F5-4191-963F-FB8F79B2FAE1}.Debug|Any CPU.ActiveCfg = Debug|x86
		{9ECF6F03-65F5-4191-963F-FB8F79B2FAE1}.Debug|ARM.ActiveCfg = Debug|ARM
		{9ECF6F03-65F5-4191-963F-FB8F79B2FAE1}.Debug|ARM.Build.0 = Debug|ARM
		{9ECF6F03-65F5-4191-963F-FB8F79B2FAE1}.Debug|ARM.Deploy.0 = Debug|ARM
		{9ECF6F03-65F5-4191-963F-FB8F79B2FAE1}.Debug|ARM64.ActiveCfg = Debug|ARM64
		{9ECF6F03-65F5-4191-963F-FB8F79B2FAE1}.Debug|ARM64.Build.0 = Debug|ARM64
		{9ECF6F03-65F5-4191-963F-FB8F79B2FAE1}.Debug|ARM64.Deploy.0 = Debug|ARM64
		{9ECF6F03-65F5-4191-963F-FB8F79B2FAE1}.Debug|x64.ActiveCfg = Debug|x64
		{9ECF6F03-65F5-4191-963F-FB8F79B2FAE1}.Debug|x64.Build.0 = Debug|x64
		{9ECF6F03-65F5-4191-963F-FB8F79B2FAE1}.Debug|x64.Deploy.0 = Debug|x64
		{9ECF6F03-65F5-4191-963F-FB8F79B2FAE1}.Debug|x86.ActiveCfg = Debug|x86
		{9ECF6F03-65F5-4191-963F-FB8F79B2FAE1}.Debug|x86.Build.0 = Debug|x86
		{9ECF6F03-65F5-4191-963F-FB8F79B2FAE1}.Debug|x86.Deploy.0 = Debug|x86
		{9ECF6F03-65F5-4191-963F-FB8F79B2FAE1}.Release|Any CPU.ActiveCfg = Release|x86
		{9ECF6F03-65F5-4191-963F-FB8F79B2FAE1}.Release|ARM.ActiveCfg = Release|ARM
		{9ECF6F03-65F5-4191-963F-FB8F79B2FAE1}.Release|ARM.Build.0 = Release|ARM
		{9ECF6F03-65F5-4191-963F-FB8F79B2FAE1}.Release|ARM.Deploy.0 = Release|ARM
		{9ECF6F03-65F5-4191-963F-FB8F79B2FAE1}.Release|ARM64.ActiveCfg = Release|ARM64
		{9ECF6F03-65F5-4191-963F-FB8F79B2FAE1}.Release|ARM64.Build.0 = Release|ARM64
		{9ECF6F03-65F5-4191-963F-FB8F79B2FAE1}.Release|ARM64.Deploy.0 = Release|ARM64
		{9ECF6F03-65F5-4191-963F-FB8F79B2FAE1}.Release|x64.ActiveCfg = Release|x64
		{9ECF6F03-65F5-4191-963F-FB8F79B2FAE1}.Release|x64.Build.0 = Release|x64
		{9ECF6F03-65F5-4191-963F-FB8F79B2FAE1}.Release|x64.Deploy.0 = Release|x64
		{9ECF6F03-65F5-4191-963F-FB8F79B2FAE1}.Release|x86.ActiveCfg = Release|x86
		{9ECF6F03-65F5-4191-963F-FB8F79B2FAE1}.Release|x86.Build.0 = Release|x86
		{9ECF6F03-65F5-4191-963F-FB8F79B2FAE1}.Release|x86.Deploy.0 = Release|x86
		{D89085D5-F0B9-45E6-85AD-3FF33F8F6C45}.Debug|Any CPU.ActiveCfg = Debug|Any CPU
		{D89085D5-F0B9-45E6-85AD-3FF33F8F6C45}.Debug|Any CPU.Build.0 = Debug|Any CPU
		{D89085D5-F0B9-45E6-85AD-3FF33F8F6C45}.Debug|ARM.ActiveCfg = Debug|Any CPU
		{D89085D5-F0B9-45E6-85AD-3FF33F8F6C45}.Debug|ARM.Build.0 = Debug|Any CPU
		{D89085D5-F0B9-45E6-85AD-3FF33F8F6C45}.Debug|ARM64.ActiveCfg = Debug|Any CPU
		{D89085D5-F0B9-45E6-85AD-3FF33F8F6C45}.Debug|ARM64.Build.0 = Debug|Any CPU
		{D89085D5-F0B9-45E6-85AD-3FF33F8F6C45}.Debug|x64.ActiveCfg = Debug|Any CPU
		{D89085D5-F0B9-45E6-85AD-3FF33F8F6C45}.Debug|x64.Build.0 = Debug|Any CPU
		{D89085D5-F0B9-45E6-85AD-3FF33F8F6C45}.Debug|x86.ActiveCfg = Debug|Any CPU
		{D89085D5-F0B9-45E6-85AD-3FF33F8F6C45}.Debug|x86.Build.0 = Debug|Any CPU
		{D89085D5-F0B9-45E6-85AD-3FF33F8F6C45}.Release|Any CPU.ActiveCfg = Release|Any CPU
		{D89085D5-F0B9-45E6-85AD-3FF33F8F6C45}.Release|Any CPU.Build.0 = Release|Any CPU
		{D89085D5-F0B9-45E6-85AD-3FF33F8F6C45}.Release|ARM.ActiveCfg = Release|Any CPU
		{D89085D5-F0B9-45E6-85AD-3FF33F8F6C45}.Release|ARM.Build.0 = Release|Any CPU
		{D89085D5-F0B9-45E6-85AD-3FF33F8F6C45}.Release|ARM64.ActiveCfg = Release|Any CPU
		{D89085D5-F0B9-45E6-85AD-3FF33F8F6C45}.Release|ARM64.Build.0 = Release|Any CPU
		{D89085D5-F0B9-45E6-85AD-3FF33F8F6C45}.Release|x64.ActiveCfg = Release|Any CPU
		{D89085D5-F0B9-45E6-85AD-3FF33F8F6C45}.Release|x64.Build.0 = Release|Any CPU
		{D89085D5-F0B9-45E6-85AD-3FF33F8F6C45}.Release|x86.ActiveCfg = Release|Any CPU
		{D89085D5-F0B9-45E6-85AD-3FF33F8F6C45}.Release|x86.Build.0 = Release|Any CPU
		{0CB51315-318F-4107-8E81-97055C970D7A}.Debug|Any CPU.ActiveCfg = Debug|Any CPU
		{0CB51315-318F-4107-8E81-97055C970D7A}.Debug|Any CPU.Build.0 = Debug|Any CPU
		{0CB51315-318F-4107-8E81-97055C970D7A}.Debug|Any CPU.Deploy.0 = Debug|Any CPU
		{0CB51315-318F-4107-8E81-97055C970D7A}.Debug|ARM.ActiveCfg = Debug|Any CPU
		{0CB51315-318F-4107-8E81-97055C970D7A}.Debug|ARM.Build.0 = Debug|Any CPU
		{0CB51315-318F-4107-8E81-97055C970D7A}.Debug|ARM.Deploy.0 = Debug|Any CPU
		{0CB51315-318F-4107-8E81-97055C970D7A}.Debug|ARM64.ActiveCfg = Debug|Any CPU
		{0CB51315-318F-4107-8E81-97055C970D7A}.Debug|ARM64.Build.0 = Debug|Any CPU
		{0CB51315-318F-4107-8E81-97055C970D7A}.Debug|ARM64.Deploy.0 = Debug|Any CPU
		{0CB51315-318F-4107-8E81-97055C970D7A}.Debug|x64.ActiveCfg = Debug|x64
		{0CB51315-318F-4107-8E81-97055C970D7A}.Debug|x64.Build.0 = Debug|x64
		{0CB51315-318F-4107-8E81-97055C970D7A}.Debug|x64.Deploy.0 = Debug|x64
		{0CB51315-318F-4107-8E81-97055C970D7A}.Debug|x86.ActiveCfg = Debug|x86
		{0CB51315-318F-4107-8E81-97055C970D7A}.Debug|x86.Build.0 = Debug|x86
		{0CB51315-318F-4107-8E81-97055C970D7A}.Debug|x86.Deploy.0 = Debug|x86
		{0CB51315-318F-4107-8E81-97055C970D7A}.Release|Any CPU.ActiveCfg = Release|Any CPU
		{0CB51315-318F-4107-8E81-97055C970D7A}.Release|Any CPU.Build.0 = Release|Any CPU
		{0CB51315-318F-4107-8E81-97055C970D7A}.Release|Any CPU.Deploy.0 = Release|Any CPU
		{0CB51315-318F-4107-8E81-97055C970D7A}.Release|ARM.ActiveCfg = Release|Any CPU
		{0CB51315-318F-4107-8E81-97055C970D7A}.Release|ARM.Build.0 = Release|Any CPU
		{0CB51315-318F-4107-8E81-97055C970D7A}.Release|ARM.Deploy.0 = Release|Any CPU
		{0CB51315-318F-4107-8E81-97055C970D7A}.Release|ARM64.ActiveCfg = Release|Any CPU
		{0CB51315-318F-4107-8E81-97055C970D7A}.Release|ARM64.Build.0 = Release|Any CPU
		{0CB51315-318F-4107-8E81-97055C970D7A}.Release|ARM64.Deploy.0 = Release|Any CPU
		{0CB51315-318F-4107-8E81-97055C970D7A}.Release|x64.ActiveCfg = Release|x64
		{0CB51315-318F-4107-8E81-97055C970D7A}.Release|x64.Build.0 = Release|x64
		{0CB51315-318F-4107-8E81-97055C970D7A}.Release|x64.Deploy.0 = Release|x64
		{0CB51315-318F-4107-8E81-97055C970D7A}.Release|x86.ActiveCfg = Release|x86
		{0CB51315-318F-4107-8E81-97055C970D7A}.Release|x86.Build.0 = Release|x86
		{0CB51315-318F-4107-8E81-97055C970D7A}.Release|x86.Deploy.0 = Release|x86
		{35095552-B820-481C-8B2A-DCA6B53172AB}.Debug|Any CPU.ActiveCfg = Debug|Any CPU
		{35095552-B820-481C-8B2A-DCA6B53172AB}.Debug|Any CPU.Build.0 = Debug|Any CPU
		{35095552-B820-481C-8B2A-DCA6B53172AB}.Debug|ARM.ActiveCfg = Debug|Any CPU
		{35095552-B820-481C-8B2A-DCA6B53172AB}.Debug|ARM.Build.0 = Debug|Any CPU
		{35095552-B820-481C-8B2A-DCA6B53172AB}.Debug|ARM64.ActiveCfg = Debug|Any CPU
		{35095552-B820-481C-8B2A-DCA6B53172AB}.Debug|ARM64.Build.0 = Debug|Any CPU
		{35095552-B820-481C-8B2A-DCA6B53172AB}.Debug|x64.ActiveCfg = Debug|Any CPU
		{35095552-B820-481C-8B2A-DCA6B53172AB}.Debug|x86.ActiveCfg = Debug|Any CPU
		{35095552-B820-481C-8B2A-DCA6B53172AB}.Debug|x86.Build.0 = Debug|Any CPU
		{35095552-B820-481C-8B2A-DCA6B53172AB}.Release|Any CPU.ActiveCfg = Release|Any CPU
		{35095552-B820-481C-8B2A-DCA6B53172AB}.Release|Any CPU.Build.0 = Release|Any CPU
		{35095552-B820-481C-8B2A-DCA6B53172AB}.Release|ARM.ActiveCfg = Release|Any CPU
		{35095552-B820-481C-8B2A-DCA6B53172AB}.Release|ARM.Build.0 = Release|Any CPU
		{35095552-B820-481C-8B2A-DCA6B53172AB}.Release|ARM64.ActiveCfg = Release|Any CPU
		{35095552-B820-481C-8B2A-DCA6B53172AB}.Release|ARM64.Build.0 = Release|Any CPU
		{35095552-B820-481C-8B2A-DCA6B53172AB}.Release|x64.ActiveCfg = Release|Any CPU
		{35095552-B820-481C-8B2A-DCA6B53172AB}.Release|x64.Build.0 = Release|Any CPU
		{35095552-B820-481C-8B2A-DCA6B53172AB}.Release|x86.ActiveCfg = Release|Any CPU
		{35095552-B820-481C-8B2A-DCA6B53172AB}.Release|x86.Build.0 = Release|Any CPU
		{217FAA3A-8FC1-4663-BA00-2F842B3FF4E1}.Debug|Any CPU.ActiveCfg = Debug|x86
		{217FAA3A-8FC1-4663-BA00-2F842B3FF4E1}.Debug|ARM.ActiveCfg = Debug|ARM
		{217FAA3A-8FC1-4663-BA00-2F842B3FF4E1}.Debug|ARM.Build.0 = Debug|ARM
		{217FAA3A-8FC1-4663-BA00-2F842B3FF4E1}.Debug|ARM64.ActiveCfg = Debug|x86
		{217FAA3A-8FC1-4663-BA00-2F842B3FF4E1}.Debug|x64.ActiveCfg = Debug|x64
		{217FAA3A-8FC1-4663-BA00-2F842B3FF4E1}.Debug|x64.Build.0 = Debug|x64
		{217FAA3A-8FC1-4663-BA00-2F842B3FF4E1}.Debug|x86.ActiveCfg = Debug|x86
		{217FAA3A-8FC1-4663-BA00-2F842B3FF4E1}.Debug|x86.Build.0 = Debug|x86
		{217FAA3A-8FC1-4663-BA00-2F842B3FF4E1}.Release|Any CPU.ActiveCfg = Release|x86
		{217FAA3A-8FC1-4663-BA00-2F842B3FF4E1}.Release|ARM.ActiveCfg = Release|ARM
		{217FAA3A-8FC1-4663-BA00-2F842B3FF4E1}.Release|ARM.Build.0 = Release|ARM
		{217FAA3A-8FC1-4663-BA00-2F842B3FF4E1}.Release|ARM64.ActiveCfg = Release|x86
		{217FAA3A-8FC1-4663-BA00-2F842B3FF4E1}.Release|x64.ActiveCfg = Release|x64
		{217FAA3A-8FC1-4663-BA00-2F842B3FF4E1}.Release|x64.Build.0 = Release|x64
		{217FAA3A-8FC1-4663-BA00-2F842B3FF4E1}.Release|x86.ActiveCfg = Release|x86
		{217FAA3A-8FC1-4663-BA00-2F842B3FF4E1}.Release|x86.Build.0 = Release|x86
		{5BFC4CA6-70B3-445B-96AE-97C02D3C0F33}.Debug|Any CPU.ActiveCfg = Debug|Any CPU
		{5BFC4CA6-70B3-445B-96AE-97C02D3C0F33}.Debug|Any CPU.Build.0 = Debug|Any CPU
		{5BFC4CA6-70B3-445B-96AE-97C02D3C0F33}.Debug|ARM.ActiveCfg = Debug|Any CPU
		{5BFC4CA6-70B3-445B-96AE-97C02D3C0F33}.Debug|ARM.Build.0 = Debug|Any CPU
		{5BFC4CA6-70B3-445B-96AE-97C02D3C0F33}.Debug|ARM64.ActiveCfg = Debug|Any CPU
		{5BFC4CA6-70B3-445B-96AE-97C02D3C0F33}.Debug|ARM64.Build.0 = Debug|Any CPU
		{5BFC4CA6-70B3-445B-96AE-97C02D3C0F33}.Debug|x64.ActiveCfg = Debug|Any CPU
		{5BFC4CA6-70B3-445B-96AE-97C02D3C0F33}.Debug|x86.ActiveCfg = Debug|Any CPU
		{5BFC4CA6-70B3-445B-96AE-97C02D3C0F33}.Debug|x86.Build.0 = Debug|Any CPU
		{5BFC4CA6-70B3-445B-96AE-97C02D3C0F33}.Release|Any CPU.ActiveCfg = Release|Any CPU
		{5BFC4CA6-70B3-445B-96AE-97C02D3C0F33}.Release|Any CPU.Build.0 = Release|Any CPU
		{5BFC4CA6-70B3-445B-96AE-97C02D3C0F33}.Release|ARM.ActiveCfg = Release|Any CPU
		{5BFC4CA6-70B3-445B-96AE-97C02D3C0F33}.Release|ARM.Build.0 = Release|Any CPU
		{5BFC4CA6-70B3-445B-96AE-97C02D3C0F33}.Release|ARM64.ActiveCfg = Release|Any CPU
		{5BFC4CA6-70B3-445B-96AE-97C02D3C0F33}.Release|ARM64.Build.0 = Release|Any CPU
		{5BFC4CA6-70B3-445B-96AE-97C02D3C0F33}.Release|x64.ActiveCfg = Release|Any CPU
		{5BFC4CA6-70B3-445B-96AE-97C02D3C0F33}.Release|x64.Build.0 = Release|Any CPU
		{5BFC4CA6-70B3-445B-96AE-97C02D3C0F33}.Release|x86.ActiveCfg = Release|Any CPU
		{5BFC4CA6-70B3-445B-96AE-97C02D3C0F33}.Release|x86.Build.0 = Release|Any CPU
		{3DD8FDCD-B703-4B75-826A-2C7E844F903E}.Debug|Any CPU.ActiveCfg = Debug|Win32
		{3DD8FDCD-B703-4B75-826A-2C7E844F903E}.Debug|ARM.ActiveCfg = Debug|ARM
		{3DD8FDCD-B703-4B75-826A-2C7E844F903E}.Debug|ARM.Build.0 = Debug|ARM
		{3DD8FDCD-B703-4B75-826A-2C7E844F903E}.Debug|ARM64.ActiveCfg = Debug|ARM64
		{3DD8FDCD-B703-4B75-826A-2C7E844F903E}.Debug|ARM64.Build.0 = Debug|ARM64
		{3DD8FDCD-B703-4B75-826A-2C7E844F903E}.Debug|x64.ActiveCfg = Debug|x64
		{3DD8FDCD-B703-4B75-826A-2C7E844F903E}.Debug|x86.ActiveCfg = Debug|Win32
		{3DD8FDCD-B703-4B75-826A-2C7E844F903E}.Debug|x86.Build.0 = Debug|Win32
		{3DD8FDCD-B703-4B75-826A-2C7E844F903E}.Release|Any CPU.ActiveCfg = Release|Win32
		{3DD8FDCD-B703-4B75-826A-2C7E844F903E}.Release|ARM.ActiveCfg = Release|ARM
		{3DD8FDCD-B703-4B75-826A-2C7E844F903E}.Release|ARM.Build.0 = Release|ARM
		{3DD8FDCD-B703-4B75-826A-2C7E844F903E}.Release|ARM64.ActiveCfg = Release|ARM64
		{3DD8FDCD-B703-4B75-826A-2C7E844F903E}.Release|ARM64.Build.0 = Release|ARM64
		{3DD8FDCD-B703-4B75-826A-2C7E844F903E}.Release|x64.ActiveCfg = Release|x64
		{3DD8FDCD-B703-4B75-826A-2C7E844F903E}.Release|x64.Build.0 = Release|x64
		{3DD8FDCD-B703-4B75-826A-2C7E844F903E}.Release|x86.ActiveCfg = Release|Win32
		{3DD8FDCD-B703-4B75-826A-2C7E844F903E}.Release|x86.Build.0 = Release|Win32
		{76CC41B9-4027-4330-A139-0CFA7AA34768}.Debug|Any CPU.ActiveCfg = Debug|Win32
		{76CC41B9-4027-4330-A139-0CFA7AA34768}.Debug|ARM.ActiveCfg = Debug|ARM
		{76CC41B9-4027-4330-A139-0CFA7AA34768}.Debug|ARM.Build.0 = Debug|ARM
		{76CC41B9-4027-4330-A139-0CFA7AA34768}.Debug|ARM64.ActiveCfg = Debug|ARM64
		{76CC41B9-4027-4330-A139-0CFA7AA34768}.Debug|ARM64.Build.0 = Debug|ARM64
		{76CC41B9-4027-4330-A139-0CFA7AA34768}.Debug|x64.ActiveCfg = Debug|x64
		{76CC41B9-4027-4330-A139-0CFA7AA34768}.Debug|x86.ActiveCfg = Debug|Win32
		{76CC41B9-4027-4330-A139-0CFA7AA34768}.Debug|x86.Build.0 = Debug|Win32
		{76CC41B9-4027-4330-A139-0CFA7AA34768}.Release|Any CPU.ActiveCfg = Release|Win32
		{76CC41B9-4027-4330-A139-0CFA7AA34768}.Release|ARM.ActiveCfg = Release|ARM
		{76CC41B9-4027-4330-A139-0CFA7AA34768}.Release|ARM.Build.0 = Release|ARM
		{76CC41B9-4027-4330-A139-0CFA7AA34768}.Release|ARM64.ActiveCfg = Release|ARM64
		{76CC41B9-4027-4330-A139-0CFA7AA34768}.Release|ARM64.Build.0 = Release|ARM64
		{76CC41B9-4027-4330-A139-0CFA7AA34768}.Release|x64.ActiveCfg = Release|x64
		{76CC41B9-4027-4330-A139-0CFA7AA34768}.Release|x64.Build.0 = Release|x64
		{76CC41B9-4027-4330-A139-0CFA7AA34768}.Release|x86.ActiveCfg = Release|Win32
		{76CC41B9-4027-4330-A139-0CFA7AA34768}.Release|x86.Build.0 = Release|Win32
	EndGlobalSection
	GlobalSection(SolutionProperties) = preSolution
		HideSolutionNode = FALSE
	EndGlobalSection
	GlobalSection(NestedProjects) = preSolution
		{9ECF6F03-65F5-4191-963F-FB8F79B2FAE1} = {B3F3FD7A-F7D8-4FF7-AA5A-A053EB2E6C71}
		{D89085D5-F0B9-45E6-85AD-3FF33F8F6C45} = {B3F3FD7A-F7D8-4FF7-AA5A-A053EB2E6C71}
		{35095552-B820-481C-8B2A-DCA6B53172AB} = {B3F3FD7A-F7D8-4FF7-AA5A-A053EB2E6C71}
		{1E35EAF8-92DF-42C5-B5B3-6BFB62D54DD7} = {B8718DA6-2F14-46EB-A8EC-A271C3A484AC}
		{217FAA3A-8FC1-4663-BA00-2F842B3FF4E1} = {15121972-E2E3-4F10-B34B-DE97D27835E4}
		{5BFC4CA6-70B3-445B-96AE-97C02D3C0F33} = {15121972-E2E3-4F10-B34B-DE97D27835E4}
		{3DD8FDCD-B703-4B75-826A-2C7E844F903E} = {1E35EAF8-92DF-42C5-B5B3-6BFB62D54DD7}
		{76CC41B9-4027-4330-A139-0CFA7AA34768} = {1E35EAF8-92DF-42C5-B5B3-6BFB62D54DD7}
	EndGlobalSection
	GlobalSection(ExtensibilityGlobals) = postSolution
		SolutionGuid = {6E2B0AB7-E054-4CC0-8AA9-A58366D01E72}
	EndGlobalSection
EndGlobal
